
Microsoft Visual Studio Solution File, Format Version 12.00
Project("{FAE04EC0-301F-11D3-BF4B-00C04F79EFBC}") = "BrokerAppointments", "BrokerAppointments.csproj", "{9ACD5B11-3B5F-424B-8DE8-13B98F613075}"
EndProject
Global
	GlobalSection(SolutionConfigurationPlatforms) = preSolution
		Debug|Any CPU = Debug|Any CPU
		Release|Any CPU = Release|Any CPU
	EndGlobalSection
	GlobalSection(ProjectConfigurationPlatforms) = postSolution
		{9ACD5B11-3B5F-424B-8DE8-13B98F613075}.Debug|Any CPU.ActiveCfg = Debug|Any CPU
		{9ACD5B11-3B5F-424B-8DE8-13B98F613075}.Debug|Any CPU.Build.0 = Debug|Any CPU
		{9ACD5B11-3B5F-424B-8DE8-13B98F613075}.Release|Any CPU.ActiveCfg = Release|Any CPU
		{9ACD5B11-3B5F-424B-8DE8-13B98F613075}.Release|Any CPU.Build.0 = Release|Any CPU
	EndGlobalSection
EndGlobal
